
Microsoft Visual Studio Solution File, Format Version 12.00
# Visual Studio Version 16
VisualStudioVersion = 16.0.29418.71
MinimumVisualStudioVersion = 10.0.40219.1
Project("{FAE04EC0-301F-11D3-BF4B-00C04F79EFBC}") = "ExemploUpload", "ExemploUpload\ExemploUpload.csproj", "{554A6CFD-AB49-407E-ABB0-1871FAC08294}"
EndProject
Global
	GlobalSection(SolutionConfigurationPlatforms) = preSolution
		Debug|Any CPU = Debug|Any CPU
		Release|Any CPU = Release|Any CPU
	EndGlobalSection
	GlobalSection(ProjectConfigurationPlatforms) = postSolution
		{554A6CFD-AB49-407E-ABB0-1871FAC08294}.Debug|Any CPU.ActiveCfg = Debug|Any CPU
		{554A6CFD-AB49-407E-ABB0-1871FAC08294}.Debug|Any CPU.Build.0 = Debug|Any CPU
		{554A6CFD-AB49-407E-ABB0-1871FAC08294}.Release|Any CPU.ActiveCfg = Release|Any CPU
		{554A6CFD-AB49-407E-ABB0-1871FAC08294}.Release|Any CPU.Build.0 = Release|Any CPU
	EndGlobalSection
	GlobalSection(SolutionProperties) = preSolution
		HideSolutionNode = FALSE
	EndGlobalSection
	GlobalSection(ExtensibilityGlobals) = postSolution
		SolutionGuid = {D9FD9D6E-E50F-4B32-A533-F6E58DC0CF40}
	EndGlobalSection
EndGlobal
